
Microsoft Visual Studio Solution File, Format Version 12.00
# Visual Studio Version 17
VisualStudioVersion = 17.1.32407.343
MinimumVisualStudioVersion = 10.0.40219.1
Project("{8BC9CEB8-8B4A-11D0-8D11-00A0C91BC942}") = "FractalGenerator", "FractalGenerator\FractalGenerator.vcxproj", "{BD712196-30DA-4D8E-B4F4-BEC55C9875BB}"
EndProject
Global
	GlobalSection(SolutionConfigurationPlatforms) = preSolution
		Debug|x64 = Debug|x64
		Debug|x86 = Debug|x86
		Release|x64 = Release|x64
		Release|x86 = Release|x86
	EndGlobalSection
	GlobalSection(ProjectConfigurationPlatforms) = postSolution
		{BD712196-30DA-4D8E-B4F4-BEC55C9875BB}.Debug|x64.ActiveCfg = Debug|x64
		{BD712196-30DA-4D8E-B4F4-BEC55C9875BB}.Debug|x64.Build.0 = Debug|x64
		{BD712196-30DA-4D8E-B4F4-BEC55C9875BB}.Debug|x86.ActiveCfg = Debug|Win32
		{BD712196-30DA-4D8E-B4F4-BEC55C9875BB}.Debug|x86.Build.0 = Debug|Win32
		{BD712196-30DA-4D8E-B4F4-BEC55C9875BB}.Release|x64.ActiveCfg = Release|x64
		{BD712196-30DA-4D8E-B4F4-BEC55C9875BB}.Release|x64.Build.0 = Release|x64
		{BD712196-30DA-4D8E-B4F4-BEC55C9875BB}.Release|x86.ActiveCfg = Release|Win32
		{BD712196-30DA-4D8E-B4F4-BEC55C9875BB}.Release|x86.Build.0 = Release|Win32
	EndGlobalSection
	GlobalSection(SolutionProperties) = preSolution
		HideSolutionNode = FALSE
	EndGlobalSection
	GlobalSection(ExtensibilityGlobals) = postSolution
		SolutionGuid = {6D603BF1-691B-48AB-BAC1-15A8FF77353E}
	EndGlobalSection
EndGlobal
